hash: 36fa3a867a40bd1648fd0ec8d69a36811e206c6117fd6129d05b187bc025fa4f
updated: 2018-11-10T11:47:40.597914+08:00
imports:
- name: github.com/astaxie/beego
  version: 053a075344c118a5cc41981b29ef612bb53d20ca
  subpackages:
  - config
  - context
  - context/param
  - grace
  - logs
  - session
  - toolbox
  - utils
- name: github.com/facebookgo/errgroup
  version: 779c8d7ef069c522bc72ee5f31a98d89a37f3fb6
- name: github.com/go-sql-driver/mysql
  version: d523deb1b23d913de5bdada721a6071e71283618
- name: github.com/jinzhu/gorm
  version: 6ed508ec6a4ecb3531899a69cbc746ccf65a4166
- name: github.com/jinzhu/inflection
  version: 04140366298a54a039076d798123ffa108fff46c
- name: golang.org/x/crypto
  version: a49355c7e3f8fe157a85be2f77e6e269a0f89602
  subpackages:
  - acme
  - acme/autocert
- name: google.golang.org/appengine
  version: 4a4468ece617fc8205e99368fa2200e9d1fad421
  subpackages:
  - cloudsql
- name: gopkg.in/yaml.v2
  version: 5420a8b6744d3b0345ab293f6fcba19c978f1183
testImports:
- name: github.com/gopherjs/gopherjs
  version: d547d1d9531ed93dbdebcbff7f83e7c876a1e0ee
  subpackages:
  - js
- name: github.com/jtolds/gls
  version: 77f18212c9c7edc9bd6a33d383a7b545ce62f064
- name: github.com/smartystreets/assertions
  version: b2de0cb4f26d0705483a2f495d89896d0b808573
  subpackages:
  - internal/go-render/render
  - internal/oglematchers
- name: github.com/smartystreets/goconvey
  version: 9e8dc3f972df6c8fcc0375ef492c24d0bb204857
  subpackages:
  - convey
  - convey/gotest
  - convey/reporting
